
Microsoft Visual Studio Solution File, Format Version 12.00
# Visual Studio Version 16
VisualStudioVersion = 16.0.30621.155
MinimumVisualStudioVersion = 10.0.40219.1
Project("{9A19103F-16F7-4668-BE54-9A1E7A4F7556}") = "DataAccess", "DataAccess\DataAccess.csproj", "{957568DD-CC82-424B-AEFC-E403E5434917}"
EndProject
Project("{9A19103F-16F7-4668-BE54-9A1E7A4F7556}") = "Business", "Business\Business.csproj", "{76AADCE2-2484-4832-8D12-4D1F29177C3B}"
EndProject
Project("{9A19103F-16F7-4668-BE54-9A1E7A4F7556}") = "Entities", "Entities\Entities.csproj", "{AA267451-A8BF-4E41-B5F5-33D54C93D4E6}"
EndProject
Project("{9A19103F-16F7-4668-BE54-9A1E7A4F7556}") = "ConsoleUI", "ConsoleUI\ConsoleUI.csproj", "{C36CBC0F-3375-49A8-981D-A07B3E7718A1}"
EndProject
Project("{FAE04EC0-301F-11D3-BF4B-00C04F79EFBC}") = "Core", "Core\Core.csproj", "{5540B385-EBAE-409A-9205-00BA31EF29D5}"
EndProject
Global
	GlobalSection(SolutionConfigurationPlatforms) = preSolution
		Debug|Any CPU = Debug|Any CPU
		Release|Any CPU = Release|Any CPU
	EndGlobalSection
	GlobalSection(ProjectConfigurationPlatforms) = postSolution
		{957568DD-CC82-424B-AEFC-E403E5434917}.Debug|Any CPU.ActiveCfg = Debug|Any CPU
		{957568DD-CC82-424B-AEFC-E403E5434917}.Debug|Any CPU.Build.0 = Debug|Any CPU
		{957568DD-CC82-424B-AEFC-E403E5434917}.Release|Any CPU.ActiveCfg = Release|Any CPU
		{957568DD-CC82-424B-AEFC-E403E5434917}.Release|Any CPU.Build.0 = Release|Any CPU
		{76AADCE2-2484-4832-8D12-4D1F29177C3B}.Debug|Any CPU.ActiveCfg = Debug|Any CPU
		{76AADCE2-2484-4832-8D12-4D1F29177C3B}.Debug|Any CPU.Build.0 = Debug|Any CPU
		{76AADCE2-2484-4832-8D12-4D1F29177C3B}.Release|Any CPU.ActiveCfg = Release|Any CPU
		{76AADCE2-2484-4832-8D12-4D1F29177C3B}.Release|Any CPU.Build.0 = Release|Any CPU
		{AA267451-A8BF-4E41-B5F5-33D54C93D4E6}.Debug|Any CPU.ActiveCfg = Debug|Any CPU
		{AA267451-A8BF-4E41-B5F5-33D54C93D4E6}.Debug|Any CPU.Build.0 = Debug|Any CPU
		{AA267451-A8BF-4E41-B5F5-33D54C93D4E6}.Release|Any CPU.ActiveCfg = Release|Any CPU
		{AA267451-A8BF-4E41-B5F5-33D54C93D4E6}.Release|Any CPU.Build.0 = Release|Any CPU
		{C36CBC0F-3375-49A8-981D-A07B3E7718A1}.Debug|Any CPU.ActiveCfg = Debug|Any CPU
		{C36CBC0F-3375-49A8-981D-A07B3E7718A1}.Debug|Any CPU.Build.0 = Debug|Any CPU
		{C36CBC0F-3375-49A8-981D-A07B3E7718A1}.Release|Any CPU.ActiveCfg = Release|Any CPU
		{C36CBC0F-3375-49A8-981D-A07B3E7718A1}.Release|Any CPU.Build.0 = Release|Any CPU
		{5540B385-EBAE-409A-9205-00BA31EF29D5}.Debug|Any CPU.ActiveCfg = Debug|Any CPU
		{5540B385-EBAE-409A-9205-00BA31EF29D5}.Debug|Any CPU.Build.0 = Debug|Any CPU
		{5540B385-EBAE-409A-9205-00BA31EF29D5}.Release|Any CPU.ActiveCfg = Release|Any CPU
		{5540B385-EBAE-409A-9205-00BA31EF29D5}.Release|Any CPU.Build.0 = Release|Any CPU
	EndGlobalSection
	GlobalSection(SolutionProperties) = preSolution
		HideSolutionNode = FALSE
	EndGlobalSection
	GlobalSection(ExtensibilityGlobals) = postSolution
		SolutionGuid = {B6EF29D7-F170-4421-9F29-811D370756D4}
	EndGlobalSection
EndGlobal
